
Microsoft Visual Studio Solution File, Format Version 12.00
# Visual Studio 14
VisualStudioVersion = 14.0.23107.0
MinimumVisualStudioVersion = 10.0.40219.1
Project("{8BC9CEB8-8B4A-11D0-8D11-00A0C91BC942}") = "LearningCPlusPlus", "LearningCPlusPlus\LearningCPlusPlus.vcxproj", "{8FB07690-D8A2-4AEB-8520-25F4957A5B95}"
EndProject
Project("{8BC9CEB8-8B4A-11D0-8D11-00A0C91BC942}") = "Assignment_1", "Assignment_1\Assignment_1.vcxproj", "{5E0B0ABB-1508-498A-A230-B40C18F70E5C}"
EndProject
Project("{8BC9CEB8-8B4A-11D0-8D11-00A0C91BC942}") = "Assignment_2", "Assignment_2\Assignment_2.vcxproj", "{34D1C1F2-F861-4A02-909A-7F36A0937228}"
EndProject
Project("{8BC9CEB8-8B4A-11D0-8D11-00A0C91BC942}") = "Assignment_3", "Assignment_3\Assignment_3.vcxproj", "{EFDF6A67-CBE9-4AA4-BBFD-52C26A3E269D}"
EndProject
Global
	GlobalSection(SolutionConfigurationPlatforms) = preSolution
		Debug|x64 = Debug|x64
		Debug|x86 = Debug|x86
		Release|x64 = Release|x64
		Release|x86 = Release|x86
	EndGlobalSection
	GlobalSection(ProjectConfigurationPlatforms) = postSolution
		{8FB07690-D8A2-4AEB-8520-25F4957A5B95}.Debug|x64.ActiveCfg = Debug|x64
		{8FB07690-D8A2-4AEB-8520-25F4957A5B95}.Debug|x64.Build.0 = Debug|x64
		{8FB07690-D8A2-4AEB-8520-25F4957A5B95}.Debug|x86.ActiveCfg = Debug|Win32
		{8FB07690-D8A2-4AEB-8520-25F4957A5B95}.Debug|x86.Build.0 = Debug|Win32
		{8FB07690-D8A2-4AEB-8520-25F4957A5B95}.Release|x64.ActiveCfg = Release|x64
		{8FB07690-D8A2-4AEB-8520-25F4957A5B95}.Release|x64.Build.0 = Release|x64
		{8FB07690-D8A2-4AEB-8520-25F4957A5B95}.Release|x86.ActiveCfg = Release|Win32
		{8FB07690-D8A2-4AEB-8520-25F4957A5B95}.Release|x86.Build.0 = Release|Win32
		{5E0B0ABB-1508-498A-A230-B40C18F70E5C}.Debug|x64.ActiveCfg = Debug|x64
		{5E0B0ABB-1508-498A-A230-B40C18F70E5C}.Debug|x64.Build.0 = Debug|x64
		{5E0B0ABB-1508-498A-A230-B40C18F70E5C}.Debug|x86.ActiveCfg = Debug|Win32
		{5E0B0ABB-1508-498A-A230-B40C18F70E5C}.Debug|x86.Build.0 = Debug|Win32
		{5E0B0ABB-1508-498A-A230-B40C18F70E5C}.Release|x64.ActiveCfg = Release|x64
		{5E0B0ABB-1508-498A-A230-B40C18F70E5C}.Release|x64.Build.0 = Release|x64
		{5E0B0ABB-1508-498A-A230-B40C18F70E5C}.Release|x86.ActiveCfg = Release|Win32
		{5E0B0ABB-1508-498A-A230-B40C18F70E5C}.Release|x86.Build.0 = Release|Win32
		{34D1C1F2-F861-4A02-909A-7F36A0937228}.Debug|x64.ActiveCfg = Debug|x64
		{34D1C1F2-F861-4A02-909A-7F36A0937228}.Debug|x64.Build.0 = Debug|x64
		{34D1C1F2-F861-4A02-909A-7F36A0937228}.Debug|x86.ActiveCfg = Debug|Win32
		{34D1C1F2-F861-4A02-909A-7F36A0937228}.Debug|x86.Build.0 = Debug|Win32
		{34D1C1F2-F861-4A02-909A-7F36A0937228}.Release|x64.ActiveCfg = Release|x64
		{34D1C1F2-F861-4A02-909A-7F36A0937228}.Release|x64.Build.0 = Release|x64
		{34D1C1F2-F861-4A02-909A-7F36A0937228}.Release|x86.ActiveCfg = Release|Win32
		{34D1C1F2-F861-4A02-909A-7F36A0937228}.Release|x86.Build.0 = Release|Win32
		{EFDF6A67-CBE9-4AA4-BBFD-52C26A3E269D}.Debug|x64.ActiveCfg = Debug|x64
		{EFDF6A67-CBE9-4AA4-BBFD-52C26A3E269D}.Debug|x64.Build.0 = Debug|x64
		{EFDF6A67-CBE9-4AA4-BBFD-52C26A3E269D}.Debug|x86.ActiveCfg = Debug|Win32
		{EFDF6A67-CBE9-4AA4-BBFD-52C26A3E269D}.Debug|x86.Build.0 = Debug|Win32
		{EFDF6A67-CBE9-4AA4-BBFD-52C26A3E269D}.Release|x64.ActiveCfg = Release|x64
		{EFDF6A67-CBE9-4AA4-BBFD-52C26A3E269D}.Release|x64.Build.0 = Release|x64
		{EFDF6A67-CBE9-4AA4-BBFD-52C26A3E269D}.Release|x86.ActiveCfg = Release|Win32
		{EFDF6A67-CBE9-4AA4-BBFD-52C26A3E269D}.Release|x86.Build.0 = Release|Win32
	EndGlobalSection
	GlobalSection(SolutionProperties) = preSolution
		HideSolutionNode = FALSE
	EndGlobalSection
EndGlobal
