
Microsoft Visual Studio Solution File, Format Version 12.00
# Visual Studio 14
VisualStudioVersion = 14.0.24720.0
MinimumVisualStudioVersion = 10.0.40219.1
Project("{8BC9CEB8-8B4A-11D0-8D11-00A0C91BC942}") = "LearningCPlusPlus", "LearningCPlusPlus\LearningCPlusPlus.vcxproj", "{8FB07690-D8A2-4AEB-8520-25F4957A5B95}"
EndProject
Project("{8BC9CEB8-8B4A-11D0-8D11-00A0C91BC942}") = "Assignment_1", "Assignment_1\Assignment_1.vcxproj", "{5E0B0ABB-1508-498A-A230-B40C18F70E5C}"
EndProject
Project("{8BC9CEB8-8B4A-11D0-8D11-00A0C91BC942}") = "Assignment_2", "Assignment_2\Assignment_2.vcxproj", "{34D1C1F2-F861-4A02-909A-7F36A0937228}"
EndProject
Project("{8BC9CEB8-8B4A-11D0-8D11-00A0C91BC942}") = "Assignment_3", "Assignment_3\Assignment_3.vcxproj", "{EFDF6A67-CBE9-4AA4-BBFD-52C26A3E269D}"
EndProject
Project("{8BC9CEB8-8B4A-11D0-8D11-00A0C91BC942}") = "ReadFromFile", "ReadFromFile\ReadFromFile.vcxproj", "{5F51A7D4-DBFD-48A5-88AA-11C3B823DA29}"
EndProject
Project("{8BC9CEB8-8B4A-11D0-8D11-00A0C91BC942}") = "MidTermOneExamples", "MidTermOneExamples\MidTermOneExamples.vcxproj", "{15561BED-7CF6-4065-9C5B-F3FC1B8E838D}"
EndProject
Project("{8BC9CEB8-8B4A-11D0-8D11-00A0C91BC942}") = "Assignment_4", "Assignment_4\Assignment_4.vcxproj", "{56613990-A15B-4FCF-9837-1E984ADFB5D7}"
EndProject
Project("{8BC9CEB8-8B4A-11D0-8D11-00A0C91BC942}") = "Assignment_5", "Assignment_5\Assignment_5.vcxproj", "{FCB3732B-804A-41CD-9587-63D1442A073E}"
EndProject
Project("{8BC9CEB8-8B4A-11D0-8D11-00A0C91BC942}") = "Assignment_6", "Assignment_6\Assignment_6.vcxproj", "{77411E23-C068-4FDE-B5E8-CC1FBB09194D}"
EndProject
Global
	GlobalSection(SolutionConfigurationPlatforms) = preSolution
		Debug|x64 = Debug|x64
		Debug|x86 = Debug|x86
		Release|x64 = Release|x64
		Release|x86 = Release|x86
	EndGlobalSection
	GlobalSection(ProjectConfigurationPlatforms) = postSolution
		{8FB07690-D8A2-4AEB-8520-25F4957A5B95}.Debug|x64.ActiveCfg = Debug|x64
		{8FB07690-D8A2-4AEB-8520-25F4957A5B95}.Debug|x64.Build.0 = Debug|x64
		{8FB07690-D8A2-4AEB-8520-25F4957A5B95}.Debug|x86.ActiveCfg = Debug|Win32
		{8FB07690-D8A2-4AEB-8520-25F4957A5B95}.Debug|x86.Build.0 = Debug|Win32
		{8FB07690-D8A2-4AEB-8520-25F4957A5B95}.Release|x64.ActiveCfg = Release|x64
		{8FB07690-D8A2-4AEB-8520-25F4957A5B95}.Release|x64.Build.0 = Release|x64
		{8FB07690-D8A2-4AEB-8520-25F4957A5B95}.Release|x86.ActiveCfg = Release|Win32
		{8FB07690-D8A2-4AEB-8520-25F4957A5B95}.Release|x86.Build.0 = Release|Win32
		{5E0B0ABB-1508-498A-A230-B40C18F70E5C}.Debug|x64.ActiveCfg = Debug|x64
		{5E0B0ABB-1508-498A-A230-B40C18F70E5C}.Debug|x64.Build.0 = Debug|x64
		{5E0B0ABB-1508-498A-A230-B40C18F70E5C}.Debug|x86.ActiveCfg = Debug|Win32
		{5E0B0ABB-1508-498A-A230-B40C18F70E5C}.Debug|x86.Build.0 = Debug|Win32
		{5E0B0ABB-1508-498A-A230-B40C18F70E5C}.Release|x64.ActiveCfg = Release|x64
		{5E0B0ABB-1508-498A-A230-B40C18F70E5C}.Release|x64.Build.0 = Release|x64
		{5E0B0ABB-1508-498A-A230-B40C18F70E5C}.Release|x86.ActiveCfg = Release|Win32
		{5E0B0ABB-1508-498A-A230-B40C18F70E5C}.Release|x86.Build.0 = Release|Win32
		{34D1C1F2-F861-4A02-909A-7F36A0937228}.Debug|x64.ActiveCfg = Debug|x64
		{34D1C1F2-F861-4A02-909A-7F36A0937228}.Debug|x64.Build.0 = Debug|x64
		{34D1C1F2-F861-4A02-909A-7F36A0937228}.Debug|x86.ActiveCfg = Debug|Win32
		{34D1C1F2-F861-4A02-909A-7F36A0937228}.Debug|x86.Build.0 = Debug|Win32
		{34D1C1F2-F861-4A02-909A-7F36A0937228}.Release|x64.ActiveCfg = Release|x64
		{34D1C1F2-F861-4A02-909A-7F36A0937228}.Release|x64.Build.0 = Release|x64
		{34D1C1F2-F861-4A02-909A-7F36A0937228}.Release|x86.ActiveCfg = Release|Win32
		{34D1C1F2-F861-4A02-909A-7F36A0937228}.Release|x86.Build.0 = Release|Win32
		{EFDF6A67-CBE9-4AA4-BBFD-52C26A3E269D}.Debug|x64.ActiveCfg = Debug|x64
		{EFDF6A67-CBE9-4AA4-BBFD-52C26A3E269D}.Debug|x64.Build.0 = Debug|x64
		{EFDF6A67-CBE9-4AA4-BBFD-52C26A3E269D}.Debug|x86.ActiveCfg = Debug|Win32
		{EFDF6A67-CBE9-4AA4-BBFD-52C26A3E269D}.Debug|x86.Build.0 = Debug|Win32
		{EFDF6A67-CBE9-4AA4-BBFD-52C26A3E269D}.Release|x64.ActiveCfg = Release|x64
		{EFDF6A67-CBE9-4AA4-BBFD-52C26A3E269D}.Release|x64.Build.0 = Release|x64
		{EFDF6A67-CBE9-4AA4-BBFD-52C26A3E269D}.Release|x86.ActiveCfg = Release|Win32
		{EFDF6A67-CBE9-4AA4-BBFD-52C26A3E269D}.Release|x86.Build.0 = Release|Win32
		{5F51A7D4-DBFD-48A5-88AA-11C3B823DA29}.Debug|x64.ActiveCfg = Debug|x64
		{5F51A7D4-DBFD-48A5-88AA-11C3B823DA29}.Debug|x64.Build.0 = Debug|x64
		{5F51A7D4-DBFD-48A5-88AA-11C3B823DA29}.Debug|x86.ActiveCfg = Debug|Win32
		{5F51A7D4-DBFD-48A5-88AA-11C3B823DA29}.Debug|x86.Build.0 = Debug|Win32
		{5F51A7D4-DBFD-48A5-88AA-11C3B823DA29}.Release|x64.ActiveCfg = Release|x64
		{5F51A7D4-DBFD-48A5-88AA-11C3B823DA29}.Release|x64.Build.0 = Release|x64
		{5F51A7D4-DBFD-48A5-88AA-11C3B823DA29}.Release|x86.ActiveCfg = Release|Win32
		{5F51A7D4-DBFD-48A5-88AA-11C3B823DA29}.Release|x86.Build.0 = Release|Win32
		{15561BED-7CF6-4065-9C5B-F3FC1B8E838D}.Debug|x64.ActiveCfg = Debug|x64
		{15561BED-7CF6-4065-9C5B-F3FC1B8E838D}.Debug|x64.Build.0 = Debug|x64
		{15561BED-7CF6-4065-9C5B-F3FC1B8E838D}.Debug|x86.ActiveCfg = Debug|Win32
		{15561BED-7CF6-4065-9C5B-F3FC1B8E838D}.Debug|x86.Build.0 = Debug|Win32
		{15561BED-7CF6-4065-9C5B-F3FC1B8E838D}.Release|x64.ActiveCfg = Release|x64
		{15561BED-7CF6-4065-9C5B-F3FC1B8E838D}.Release|x64.Build.0 = Release|x64
		{15561BED-7CF6-4065-9C5B-F3FC1B8E838D}.Release|x86.ActiveCfg = Release|Win32
		{15561BED-7CF6-4065-9C5B-F3FC1B8E838D}.Release|x86.Build.0 = Release|Win32
		{56613990-A15B-4FCF-9837-1E984ADFB5D7}.Debug|x64.ActiveCfg = Debug|x64
		{56613990-A15B-4FCF-9837-1E984ADFB5D7}.Debug|x64.Build.0 = Debug|x64
		{56613990-A15B-4FCF-9837-1E984ADFB5D7}.Debug|x86.ActiveCfg = Debug|Win32
		{56613990-A15B-4FCF-9837-1E984ADFB5D7}.Debug|x86.Build.0 = Debug|Win32
		{56613990-A15B-4FCF-9837-1E984ADFB5D7}.Release|x64.ActiveCfg = Release|x64
		{56613990-A15B-4FCF-9837-1E984ADFB5D7}.Release|x64.Build.0 = Release|x64
		{56613990-A15B-4FCF-9837-1E984ADFB5D7}.Release|x86.ActiveCfg = Release|Win32
		{56613990-A15B-4FCF-9837-1E984ADFB5D7}.Release|x86.Build.0 = Release|Win32
		{FCB3732B-804A-41CD-9587-63D1442A073E}.Debug|x64.ActiveCfg = Debug|x64
		{FCB3732B-804A-41CD-9587-63D1442A073E}.Debug|x64.Build.0 = Debug|x64
		{FCB3732B-804A-41CD-9587-63D1442A073E}.Debug|x86.ActiveCfg = Debug|Win32
		{FCB3732B-804A-41CD-9587-63D1442A073E}.Debug|x86.Build.0 = Debug|Win32
		{FCB3732B-804A-41CD-9587-63D1442A073E}.Release|x64.ActiveCfg = Release|x64
		{FCB3732B-804A-41CD-9587-63D1442A073E}.Release|x64.Build.0 = Release|x64
		{FCB3732B-804A-41CD-9587-63D1442A073E}.Release|x86.ActiveCfg = Release|Win32
		{FCB3732B-804A-41CD-9587-63D1442A073E}.Release|x86.Build.0 = Release|Win32
		{77411E23-C068-4FDE-B5E8-CC1FBB09194D}.Debug|x64.ActiveCfg = Debug|x64
		{77411E23-C068-4FDE-B5E8-CC1FBB09194D}.Debug|x64.Build.0 = Debug|x64
		{77411E23-C068-4FDE-B5E8-CC1FBB09194D}.Debug|x86.ActiveCfg = Debug|Win32
		{77411E23-C068-4FDE-B5E8-CC1FBB09194D}.Debug|x86.Build.0 = Debug|Win32
		{77411E23-C068-4FDE-B5E8-CC1FBB09194D}.Release|x64.ActiveCfg = Release|x64
		{77411E23-C068-4FDE-B5E8-CC1FBB09194D}.Release|x64.Build.0 = Release|x64
		{77411E23-C068-4FDE-B5E8-CC1FBB09194D}.Release|x86.ActiveCfg = Release|Win32
		{77411E23-C068-4FDE-B5E8-CC1FBB09194D}.Release|x86.Build.0 = Release|Win32
	EndGlobalSection
	GlobalSection(SolutionProperties) = preSolution
		HideSolutionNode = FALSE
	EndGlobalSection
EndGlobal
